// !$*UTF8*$!
{
	archiveVersion = 1;
	classes = {
	};
	objectVersion = 46;
	objects = {

/* Begin PBXBuildFile section */
		783209E21B1C459200CB51EB /* FansViewController.m in Sources */ = {isa = PBXBuildFile; fileRef = 783209E01B1C459200CB51EB /* FansViewController.m */; };
		783209E31B1C459200CB51EB /* FansViewController.xib in Resources */ = {isa = PBXBuildFile; fileRef = 783209E11B1C459200CB51EB /* FansViewController.xib */; };
		783209E81B1C558600CB51EB /* FansCell.m in Sources */ = {isa = PBXBuildFile; fileRef = 783209E61B1C558600CB51EB /* FansCell.m */; };
		783209E91B1C558600CB51EB /* FansCell.xib in Resources */ = {isa = PBXBuildFile; fileRef = 783209E71B1C558600CB51EB /* FansCell.xib */; };
		783209EC1B1C587300CB51EB /* ViewControIIer.m in Sources */ = {isa = PBXBuildFile; fileRef = 783209EB1B1C587300CB51EB /* ViewControIIer.m */; };
		78C921981B18111D006A3726 /* main.m in Sources */ = {isa = PBXBuildFile; fileRef = 78C921971B18111D006A3726 /* main.m */; };
		78C9219B1B18111D006A3726 /* AppDelegate.m in Sources */ = {isa = PBXBuildFile; fileRef = 78C9219A1B18111D006A3726 /* AppDelegate.m */; };
		78C921A11B18111D006A3726 /* Main.storyboard in Resources */ = {isa = PBXBuildFile; fileRef = 78C9219F1B18111D006A3726 /* Main.storyboard */; };
		78C921A61B18111D006A3726 /* LaunchScreen.xib in Resources */ = {isa = PBXBuildFile; fileRef = 78C921A41B18111D006A3726 /* LaunchScreen.xib */; };
		78C921B21B18111D006A3726 /* ScreenAdaptingTests.m in Sources */ = {isa = PBXBuildFile; fileRef = 78C921B11B18111D006A3726 /* ScreenAdaptingTests.m */; };
		78C921BE1B181289006A3726 /* ViewController.m in Sources */ = {isa = PBXBuildFile; fileRef = 78C921BD1B181289006A3726 /* ViewController.m */; };
		78C921C01B18138A006A3726 /* Images.xcassets in Resources */ = {isa = PBXBuildFile; fileRef = 78C921BF1B18138A006A3726 /* Images.xcassets */; };
		78C921DA1B186589006A3726 /* Utils.m in Sources */ = {isa = PBXBuildFile; fileRef = 78C921D91B186589006A3726 /* Utils.m */; };
		78C921E51B1865C0006A3726 /* ForgetPassViewController.m in Sources */ = {isa = PBXBuildFile; fileRef = 78C921DD1B1865C0006A3726 /* ForgetPassViewController.m */; };
		78C921E61B1865C0006A3726 /* ForgetPassViewController.xib in Resources */ = {isa = PBXBuildFile; fileRef = 78C921DE1B1865C0006A3726 /* ForgetPassViewController.xib */; };
		78C921E71B1865C0006A3726 /* LoginViewController.m in Sources */ = {isa = PBXBuildFile; fileRef = 78C921E01B1865C0006A3726 /* LoginViewController.m */; };
		78C921E81B1865C0006A3726 /* LoginViewController.xib in Resources */ = {isa = PBXBuildFile; fileRef = 78C921E11B1865C0006A3726 /* LoginViewController.xib */; };
		78C921E91B1865C0006A3726 /* RegisterViewController.m in Sources */ = {isa = PBXBuildFile; fileRef = 78C921E31B1865C0006A3726 /* RegisterViewController.m */; };
		78C921EA1B1865C0006A3726 /* RegisterViewController.xib in Resources */ = {isa = PBXBuildFile; fileRef = 78C921E41B1865C0006A3726 /* RegisterViewController.xib */; };
		78F25A721B1BFD270095A5D3 /* MeViewController.m in Sources */ = {isa = PBXBuildFile; fileRef = 78F25A671B1BFD270095A5D3 /* MeViewController.m */; };
		78F25A731B1BFD270095A5D3 /* MeViewController.xib in Resources */ = {isa = PBXBuildFile; fileRef = 78F25A681B1BFD270095A5D3 /* MeViewController.xib */; };
		78F25A741B1BFD270095A5D3 /* SplitThickCell.m in Sources */ = {isa = PBXBuildFile; fileRef = 78F25A6A1B1BFD270095A5D3 /* SplitThickCell.m */; };
		78F25A751B1BFD270095A5D3 /* SplitThickCell.xib in Resources */ = {isa = PBXBuildFile; fileRef = 78F25A6B1B1BFD270095A5D3 /* SplitThickCell.xib */; };
		78F25A761B1BFD270095A5D3 /* SplitThinCell.m in Sources */ = {isa = PBXBuildFile; fileRef = 78F25A6D1B1BFD270095A5D3 /* SplitThinCell.m */; };
		78F25A771B1BFD270095A5D3 /* SplitThinCell.xib in Resources */ = {isa = PBXBuildFile; fileRef = 78F25A6E1B1BFD270095A5D3 /* SplitThinCell.xib */; };
		78F25A781B1BFD270095A5D3 /* userCenterCell.m in Sources */ = {isa = PBXBuildFile; fileRef = 78F25A701B1BFD270095A5D3 /* userCenterCell.m */; };
		78F25A791B1BFD270095A5D3 /* userCenterCell.xib in Resources */ = {isa = PBXBuildFile; fileRef = 78F25A711B1BFD270095A5D3 /* userCenterCell.xib */; };
/* End PBXBuildFile section */

/* Begin PBXContainerItemProxy section */
		78C921AC1B18111D006A3726 /* PBXContainerItemProxy */ = {
			isa = PBXContainerItemProxy;
			containerPortal = 78C9218A1B18111D006A3726 /* Project object */;
			proxyType = 1;
			remoteGlobalIDString = 78C921911B18111D006A3726;
			remoteInfo = ScreenAdapting;
		};
/* End PBXContainerItemProxy section */

/* Begin PBXFileReference section */
		783209DF1B1C459200CB51EB /* FansViewController.h */ = {isa = PBXFileReference; fileEncoding = 4; lastKnownFileType = sourcecode.c.h; path = FansViewController.h; sourceTree = "<group>"; };
		783209E01B1C459200CB51EB /* FansViewController.m */ = {isa = PBXFileReference; fileEncoding = 4; lastKnownFileType = sourcecode.c.objc; path = FansViewController.m; sourceTree = "<group>"; };
		783209E11B1C459200CB51EB /* FansViewController.xib */ = {isa = PBXFileReference; fileEncoding = 4; lastKnownFileType = file.xib; path = FansViewController.xib; sourceTree = "<group>"; };
		783209E51B1C558600CB51EB /* FansCell.h */ = {isa = PBXFileReference; fileEncoding = 4; lastKnownFileType = sourcecode.c.h; path = FansCell.h; sourceTree = "<group>"; };
		783209E61B1C558600CB51EB /* FansCell.m */ = {isa = PBXFileReference; fileEncoding = 4; lastKnownFileType = sourcecode.c.objc; path = FansCell.m; sourceTree = "<group>"; };
		783209E71B1C558600CB51EB /* FansCell.xib */ = {isa = PBXFileReference; fileEncoding = 4; lastKnownFileType = file.xib; path = FansCell.xib; sourceTree = "<group>"; };
		783209EA1B1C587300CB51EB /* ViewControIIer.h */ = {isa = PBXFileReference; fileEncoding = 4; lastKnownFileType = sourcecode.c.h; name = ViewControIIer.h; path = ScreenAdapting/ViewController/ViewControIIer.h; sourceTree = SOURCE_ROOT; };
		783209EB1B1C587300CB51EB /* ViewControIIer.m */ = {isa = PBXFileReference; fileEncoding = 4; lastKnownFileType = sourcecode.c.objc; name = ViewControIIer.m; path = ScreenAdapting/ViewController/ViewControIIer.m; sourceTree = SOURCE_ROOT; };
		78C921921B18111D006A3726 /* ScreenAdapting.app */ = {isa = PBXFileReference; explicitFileType = wrapper.application; includeInIndex = 0; path = ScreenAdapting.app; sourceTree = BUILT_PRODUCTS_DIR; };
		78C921961B18111D006A3726 /* Info.plist */ = {isa = PBXFileReference; lastKnownFileType = text.plist.xml; path = Info.plist; sourceTree = "<group>"; };
		78C921971B18111D006A3726 /* main.m */ = {isa = PBXFileReference; lastKnownFileType = sourcecode.c.objc; path = main.m; sourceTree = "<group>"; };
		78C921991B18111D006A3726 /* AppDelegate.h */ = {isa = PBXFileReference; lastKnownFileType = sourcecode.c.h; path = AppDelegate.h; sourceTree = "<group>"; };
		78C9219A1B18111D006A3726 /* AppDelegate.m */ = {isa = PBXFileReference; lastKnownFileType = sourcecode.c.objc; path = AppDelegate.m; sourceTree = "<group>"; };
		78C921A01B18111D006A3726 /* Base */ = {isa = PBXFileReference; lastKnownFileType = file.storyboard; name = Base; path = Base.lproj/Main.storyboard; sourceTree = "<group>"; };
		78C921A51B18111D006A3726 /* Base */ = {isa = PBXFileReference; lastKnownFileType = file.xib; name = Base; path = Base.lproj/LaunchScreen.xib; sourceTree = "<group>"; };
		78C921AB1B18111D006A3726 /* ScreenAdaptingTests.xctest */ = {isa = PBXFileReference; explicitFileType = wrapper.cfbundle; includeInIndex = 0; path = ScreenAdaptingTests.xctest; sourceTree = BUILT_PRODUCTS_DIR; };
		78C921B01B18111D006A3726 /* Info.plist */ = {isa = PBXFileReference; lastKnownFileType = text.plist.xml; path = Info.plist; sourceTree = "<group>"; };
		78C921B11B18111D006A3726 /* ScreenAdaptingTests.m */ = {isa = PBXFileReference; lastKnownFileType = sourcecode.c.objc; path = ScreenAdaptingTests.m; sourceTree = "<group>"; };
		78C921BC1B181289006A3726 /* ViewController.h */ = {isa = PBXFileReference; fileEncoding = 4; lastKnownFileType = sourcecode.c.h; path = ViewController.h; sourceTree = "<group>"; };
		78C921BD1B181289006A3726 /* ViewController.m */ = {isa = PBXFileReference; fileEncoding = 4; lastKnownFileType = sourcecode.c.objc; path = ViewController.m; sourceTree = "<group>"; };
		78C921BF1B18138A006A3726 /* Images.xcassets */ = {isa = PBXFileReference; lastKnownFileType = folder.assetcatalog; path = Images.xcassets; sourceTree = "<group>"; };
		78C921D71B186589006A3726 /* config.h */ = {isa = PBXFileReference; fileEncoding = 4; lastKnownFileType = sourcecode.c.h; path = config.h; sourceTree = "<group>"; };
		78C921D81B186589006A3726 /* Utils.h */ = {isa = PBXFileReference; fileEncoding = 4; lastKnownFileType = sourcecode.c.h; path = Utils.h; sourceTree = "<group>"; };
		78C921D91B186589006A3726 /* Utils.m */ = {isa = PBXFileReference; fileEncoding = 4; lastKnownFileType = sourcecode.c.objc; path = Utils.m; sourceTree = "<group>"; };
		78C921DC1B1865C0006A3726 /* ForgetPassViewController.h */ = {isa = PBXFileReference; fileEncoding = 4; lastKnownFileType = sourcecode.c.h; path = ForgetPassViewController.h; sourceTree = "<group>"; };
		78C921DD1B1865C0006A3726 /* ForgetPassViewController.m */ = {isa = PBXFileReference; fileEncoding = 4; lastKnownFileType = sourcecode.c.objc; path = ForgetPassViewController.m; sourceTree = "<group>"; };
		78C921DE1B1865C0006A3726 /* ForgetPassViewController.xib */ = {isa = PBXFileReference; fileEncoding = 4; lastKnownFileType = file.xib; path = ForgetPassViewController.xib; sourceTree = "<group>"; };
		78C921DF1B1865C0006A3726 /* LoginViewController.h */ = {isa = PBXFileReference; fileEncoding = 4; lastKnownFileType = sourcecode.c.h; path = LoginViewController.h; sourceTree = "<group>"; };
		78C921E01B1865C0006A3726 /* LoginViewController.m */ = {isa = PBXFileReference; fileEncoding = 4; lastKnownFileType = sourcecode.c.objc; path = LoginViewController.m; sourceTree = "<group>"; };
		78C921E11B1865C0006A3726 /* LoginViewController.xib */ = {isa = PBXFileReference; fileEncoding = 4; lastKnownFileType = file.xib; path = LoginViewController.xib; sourceTree = "<group>"; };
		78C921E21B1865C0006A3726 /* RegisterViewController.h */ = {isa = PBXFileReference; fileEncoding = 4; lastKnownFileType = sourcecode.c.h; path = RegisterViewController.h; sourceTree = "<group>"; };
		78C921E31B1865C0006A3726 /* RegisterViewController.m */ = {isa = PBXFileReference; fileEncoding = 4; lastKnownFileType = sourcecode.c.objc; path = RegisterViewController.m; sourceTree = "<group>"; };
		78C921E41B1865C0006A3726 /* RegisterViewController.xib */ = {isa = PBXFileReference; fileEncoding = 4; lastKnownFileType = file.xib; path = RegisterViewController.xib; sourceTree = "<group>"; };
		78F25A661B1BFD270095A5D3 /* MeViewController.h */ = {isa = PBXFileReference; fileEncoding = 4; lastKnownFileType = sourcecode.c.h; path = MeViewController.h; sourceTree = "<group>"; };
		78F25A671B1BFD270095A5D3 /* MeViewController.m */ = {isa = PBXFileReference; fileEncoding = 4; lastKnownFileType = sourcecode.c.objc; path = MeViewController.m; sourceTree = "<group>"; };
		78F25A681B1BFD270095A5D3 /* MeViewController.xib */ = {isa = PBXFileReference; fileEncoding = 4; lastKnownFileType = file.xib; path = MeViewController.xib; sourceTree = "<group>"; };
		78F25A691B1BFD270095A5D3 /* SplitThickCell.h */ = {isa = PBXFileReference; fileEncoding = 4; lastKnownFileType = sourcecode.c.h; path = SplitThickCell.h; sourceTree = "<group>"; };
		78F25A6A1B1BFD270095A5D3 /* SplitThickCell.m */ = {isa = PBXFileReference; fileEncoding = 4; lastKnownFileType = sourcecode.c.objc; path = SplitThickCell.m; sourceTree = "<group>"; };
		78F25A6B1B1BFD270095A5D3 /* SplitThickCell.xib */ = {isa = PBXFileReference; fileEncoding = 4; lastKnownFileType = file.xib; path = SplitThickCell.xib; sourceTree = "<group>"; };
		78F25A6C1B1BFD270095A5D3 /* SplitThinCell.h */ = {isa = PBXFileReference; fileEncoding = 4; lastKnownFileType = sourcecode.c.h; path = SplitThinCell.h; sourceTree = "<group>"; };
		78F25A6D1B1BFD270095A5D3 /* SplitThinCell.m */ = {isa = PBXFileReference; fileEncoding = 4; lastKnownFileType = sourcecode.c.objc; path = SplitThinCell.m; sourceTree = "<group>"; };
		78F25A6E1B1BFD270095A5D3 /* SplitThinCell.xib */ = {isa = PBXFileReference; fileEncoding = 4; lastKnownFileType = file.xib; path = SplitThinCell.xib; sourceTree = "<group>"; };
		78F25A6F1B1BFD270095A5D3 /* userCenterCell.h */ = {isa = PBXFileReference; fileEncoding = 4; lastKnownFileType = sourcecode.c.h; path = userCenterCell.h; sourceTree = "<group>"; };
		78F25A701B1BFD270095A5D3 /* userCenterCell.m */ = {isa = PBXFileReference; fileEncoding = 4; lastKnownFileType = sourcecode.c.objc; path = userCenterCell.m; sourceTree = "<group>"; };
		78F25A711B1BFD270095A5D3 /* userCenterCell.xib */ = {isa = PBXFileReference; fileEncoding = 4; lastKnownFileType = file.xib; path = userCenterCell.xib; sourceTree = "<group>"; };
/* End PBXFileReference section */

/* Begin PBXFrameworksBuildPhase section */
		78C9218F1B18111D006A3726 /* Frameworks */ = {
			isa = PBXFrameworksBuildPhase;
			buildActionMask = 2147483647;
			files = (
			);
			runOnlyForDeploymentPostprocessing = 0;
		};
		78C921A81B18111D006A3726 /* Frameworks */ = {
			isa = PBXFrameworksBuildPhase;
			buildActionMask = 2147483647;
			files = (
			);
			runOnlyForDeploymentPostprocessing = 0;
		};
/* End PBXFrameworksBuildPhase section */

/* Begin PBXGroup section */
		783209DE1B1C459200CB51EB /* FansController */ = {
			isa = PBXGroup;
			children = (
				783209DF1B1C459200CB51EB /* FansViewController.h */,
				783209E01B1C459200CB51EB /* FansViewController.m */,
				783209E11B1C459200CB51EB /* FansViewController.xib */,
				783209E51B1C558600CB51EB /* FansCell.h */,
				783209E61B1C558600CB51EB /* FansCell.m */,
				783209E71B1C558600CB51EB /* FansCell.xib */,
			);
			path = FansController;
			sourceTree = "<group>";
		};
		78C921891B18111D006A3726 = {
			isa = PBXGroup;
			children = (
				78C921941B18111D006A3726 /* ScreenAdapting */,
				78C921AE1B18111D006A3726 /* ScreenAdaptingTests */,
				78C921931B18111D006A3726 /* Products */,
			);
			sourceTree = "<group>";
		};
		78C921931B18111D006A3726 /* Products */ = {
			isa = PBXGroup;
			children = (
				78C921921B18111D006A3726 /* ScreenAdapting.app */,
				78C921AB1B18111D006A3726 /* ScreenAdaptingTests.xctest */,
			);
			name = Products;
			sourceTree = "<group>";
		};
		78C921941B18111D006A3726 /* ScreenAdapting */ = {
			isa = PBXGroup;
			children = (
				78C921991B18111D006A3726 /* AppDelegate.h */,
				78C9219A1B18111D006A3726 /* AppDelegate.m */,
				78C921D61B186589006A3726 /* Utils */,
				78C921BB1B181289006A3726 /* ViewController */,
				78C9219F1B18111D006A3726 /* Main.storyboard */,
				78C921BF1B18138A006A3726 /* Images.xcassets */,
				78C921A41B18111D006A3726 /* LaunchScreen.xib */,
				78C921951B18111D006A3726 /* Supporting Files */,
			);
			path = ScreenAdapting;
			sourceTree = "<group>";
		};
		78C921951B18111D006A3726 /* Supporting Files */ = {
			isa = PBXGroup;
			children = (
				78C921961B18111D006A3726 /* Info.plist */,
				78C921971B18111D006A3726 /* main.m */,
			);
			name = "Supporting Files";
			sourceTree = "<group>";
		};
		78C921AE1B18111D006A3726 /* ScreenAdaptingTests */ = {
			isa = PBXGroup;
			children = (
				78C921B11B18111D006A3726 /* ScreenAdaptingTests.m */,
				78C921AF1B18111D006A3726 /* Supporting Files */,
			);
			path = ScreenAdaptingTests;
			sourceTree = "<group>";
		};
		78C921AF1B18111D006A3726 /* Supporting Files */ = {
			isa = PBXGroup;
			children = (
				78C921B01B18111D006A3726 /* Info.plist */,
			);
			name = "Supporting Files";
			sourceTree = "<group>";
		};
		78C921BB1B181289006A3726 /* ViewController */ = {
			isa = PBXGroup;
			children = (
				783209DE1B1C459200CB51EB /* FansController */,
				78F25A651B1BFD270095A5D3 /* MeViewController */,
				78C921DB1B1865C0006A3726 /* LogRegForget */,
				783209EA1B1C587300CB51EB /* ViewControIIer.h */,
				783209EB1B1C587300CB51EB /* ViewControIIer.m */,
				78C921BC1B181289006A3726 /* ViewController.h */,
				78C921BD1B181289006A3726 /* ViewController.m */,
			);
			path = ViewController;
			sourceTree = "<group>";
		};
		78C921D61B186589006A3726 /* Utils */ = {
			isa = PBXGroup;
			children = (
				78C921D71B186589006A3726 /* config.h */,
				78C921D81B186589006A3726 /* Utils.h */,
				78C921D91B186589006A3726 /* Utils.m */,
			);
			path = Utils;
			sourceTree = "<group>";
		};
		78C921DB1B1865C0006A3726 /* LogRegForget */ = {
			isa = PBXGroup;
			children = (
				78C921DC1B1865C0006A3726 /* ForgetPassViewController.h */,
				78C921DD1B1865C0006A3726 /* ForgetPassViewController.m */,
				78C921DE1B1865C0006A3726 /* ForgetPassViewController.xib */,
				78C921DF1B1865C0006A3726 /* LoginViewController.h */,
				78C921E01B1865C0006A3726 /* LoginViewController.m */,
				78C921E11B1865C0006A3726 /* LoginViewController.xib */,
				78C921E21B1865C0006A3726 /* RegisterViewController.h */,
				78C921E31B1865C0006A3726 /* RegisterViewController.m */,
				78C921E41B1865C0006A3726 /* RegisterViewController.xib */,
			);
			path = LogRegForget;
			sourceTree = "<group>";
		};
		78F25A651B1BFD270095A5D3 /* MeViewController */ = {
			isa = PBXGroup;
			children = (
				78F25A661B1BFD270095A5D3 /* MeViewController.h */,
				78F25A671B1BFD270095A5D3 /* MeViewController.m */,
				78F25A681B1BFD270095A5D3 /* MeViewController.xib */,
				78F25A691B1BFD270095A5D3 /* SplitThickCell.h */,
				78F25A6A1B1BFD270095A5D3 /* SplitThickCell.m */,
				78F25A6B1B1BFD270095A5D3 /* SplitThickCell.xib */,
				78F25A6C1B1BFD270095A5D3 /* SplitThinCell.h */,
				78F25A6D1B1BFD270095A5D3 /* SplitThinCell.m */,
				78F25A6E1B1BFD270095A5D3 /* SplitThinCell.xib */,
				78F25A6F1B1BFD270095A5D3 /* userCenterCell.h */,
				78F25A701B1BFD270095A5D3 /* userCenterCell.m */,
				78F25A711B1BFD270095A5D3 /* userCenterCell.xib */,
			);
			path = MeViewController;
			sourceTree = "<group>";
		};
/* End PBXGroup section */

/* Begin PBXNativeTarget section */
		78C921911B18111D006A3726 /* ScreenAdapting */ = {
			isa = PBXNativeTarget;
			buildConfigurationList = 78C921B51B18111D006A3726 /* Build configuration list for PBXNativeTarget "ScreenAdapting" */;
			buildPhases = (
				78C9218E1B18111D006A3726 /* Sources */,
				78C9218F1B18111D006A3726 /* Frameworks */,
				78C921901B18111D006A3726 /* Resources */,
			);
			buildRules = (
			);
			dependencies = (
			);
			name = ScreenAdapting;
			productName = ScreenAdapting;
			productReference = 78C921921B18111D006A3726 /* ScreenAdapting.app */;
			productType = "com.apple.product-type.application";
		};
		78C921AA1B18111D006A3726 /* ScreenAdaptingTests */ = {
			isa = PBXNativeTarget;
			buildConfigurationList = 78C921B81B18111D006A3726 /* Build configuration list for PBXNativeTarget "ScreenAdaptingTests" */;
			buildPhases = (
				78C921A71B18111D006A3726 /* Sources */,
				78C921A81B18111D006A3726 /* Frameworks */,
				78C921A91B18111D006A3726 /* Resources */,
			);
			buildRules = (
			);
			dependencies = (
				78C921AD1B18111D006A3726 /* PBXTargetDependency */,
			);
			name = ScreenAdaptingTests;
			productName = ScreenAdaptingTests;
			productReference = 78C921AB1B18111D006A3726 /* ScreenAdaptingTests.xctest */;
			productType = "com.apple.product-type.bundle.unit-test";
		};
/* End PBXNativeTarget section */

/* Begin PBXProject section */
		78C9218A1B18111D006A3726 /* Project object */ = {
			isa = PBXProject;
			attributes = {
				LastUpgradeCheck = 0630;
				ORGANIZATIONNAME = SaiDicaprio;
				TargetAttributes = {
					78C921911B18111D006A3726 = {
						CreatedOnToolsVersion = 6.3.1;
					};
					78C921AA1B18111D006A3726 = {
						CreatedOnToolsVersion = 6.3.1;
						TestTargetID = 78C921911B18111D006A3726;
					};
				};
			};
			buildConfigurationList = 78C9218D1B18111D006A3726 /* Build configuration list for PBXProject "ScreenAdapting" */;
			compatibilityVersion = "Xcode 3.2";
			developmentRegion = English;
			hasScannedForEncodings = 0;
			knownRegions = (
				en,
				Base,
			);
			mainGroup = 78C921891B18111D006A3726;
			productRefGroup = 78C921931B18111D006A3726 /* Products */;
			projectDirPath = "";
			projectRoot = "";
			targets = (
				78C921911B18111D006A3726 /* ScreenAdapting */,
				78C921AA1B18111D006A3726 /* ScreenAdaptingTests */,
			);
		};
/* End PBXProject section */

/* Begin PBXResourcesBuildPhase section */
		78C921901B18111D006A3726 /* Resources */ = {
			isa = PBXResourcesBuildPhase;
			buildActionMask = 2147483647;
			files = (
				783209E31B1C459200CB51EB /* FansViewController.xib in Resources */,
				78F25A751B1BFD270095A5D3 /* SplitThickCell.xib in Resources */,
				78F25A731B1BFD270095A5D3 /* MeViewController.xib in Resources */,
				78C921E81B1865C0006A3726 /* LoginViewController.xib in Resources */,
				78C921C01B18138A006A3726 /* Images.xcassets in Resources */,
				783209E91B1C558600CB51EB /* FansCell.xib in Resources */,
				78F25A771B1BFD270095A5D3 /* SplitThinCell.xib in Resources */,
				78C921A11B18111D006A3726 /* Main.storyboard in Resources */,
				78F25A791B1BFD270095A5D3 /* userCenterCell.xib in Resources */,
				78C921E61B1865C0006A3726 /* ForgetPassViewController.xib in Resources */,
				78C921A61B18111D006A3726 /* LaunchScreen.xib in Resources */,
				78C921EA1B1865C0006A3726 /* RegisterViewController.xib in Resources */,
			);
			runOnlyForDeploymentPostprocessing = 0;
		};
		78C921A91B18111D006A3726 /* Resources */ = {
			isa = PBXResourcesBuildPhase;
			buildActionMask = 2147483647;
			files = (
			);
			runOnlyForDeploymentPostprocessing = 0;
		};
/* End PBXResourcesBuildPhase section */

/* Begin PBXSourcesBuildPhase section */
		78C9218E1B18111D006A3726 /* Sources */ = {
			isa = PBXSourcesBuildPhase;
			buildActionMask = 2147483647;
			files = (
				783209EC1B1C587300CB51EB /* ViewControIIer.m in Sources */,
				78C921BE1B181289006A3726 /* ViewController.m in Sources */,
				78F25A761B1BFD270095A5D3 /* SplitThinCell.m in Sources */,
				783209E21B1C459200CB51EB /* FansViewController.m in Sources */,
				783209E81B1C558600CB51EB /* FansCell.m in Sources */,
				78C921E51B1865C0006A3726 /* ForgetPassViewController.m in Sources */,
				78C921E71B1865C0006A3726 /* LoginViewController.m in Sources */,
				78F25A781B1BFD270095A5D3 /* userCenterCell.m in Sources */,
				78F25A721B1BFD270095A5D3 /* MeViewController.m in Sources */,
				78F25A741B1BFD270095A5D3 /* SplitThickCell.m in Sources */,
				78C9219B1B18111D006A3726 /* AppDelegate.m in Sources */,
				78C921E91B1865C0006A3726 /* RegisterViewController.m in Sources */,
				78C921DA1B186589006A3726 /* Utils.m in Sources */,
				78C921981B18111D006A3726 /* main.m in Sources */,
			);
			runOnlyForDeploymentPostprocessing = 0;
		};
		78C921A71B18111D006A3726 /* Sources */ = {
			isa = PBXSourcesBuildPhase;
			buildActionMask = 2147483647;
			files = (
				78C921B21B18111D006A3726 /* ScreenAdaptingTests.m in Sources */,
			);
			runOnlyForDeploymentPostprocessing = 0;
		};
/* End PBXSourcesBuildPhase section */

/* Begin PBXTargetDependency section */
		78C921AD1B18111D006A3726 /* PBXTargetDependency */ = {
			isa = PBXTargetDependency;
			target = 78C921911B18111D006A3726 /* ScreenAdapting */;
			targetProxy = 78C921AC1B18111D006A3726 /* PBXContainerItemProxy */;
		};
/* End PBXTargetDependency section */

/* Begin PBXVariantGroup section */
		78C9219F1B18111D006A3726 /* Main.storyboard */ = {
			isa = PBXVariantGroup;
			children = (
				78C921A01B18111D006A3726 /* Base */,
			);
			name = Main.storyboard;
			sourceTree = "<group>";
		};
		78C921A41B18111D006A3726 /* LaunchScreen.xib */ = {
			isa = PBXVariantGroup;
			children = (
				78C921A51B18111D006A3726 /* Base */,
			);
			name = LaunchScreen.xib;
			sourceTree = "<group>";
		};
/* End PBXVariantGroup section */

/* Begin XCBuildConfiguration section */
		78C921B31B18111D006A3726 /* Debug */ = {
			isa = XCBuildConfiguration;
			buildSettings = {
				ALWAYS_SEARCH_USER_PATHS = NO;
				CLANG_CXX_LANGUAGE_STANDARD = "gnu++0x";
				CLANG_CXX_LIBRARY = "libc++";
				CLANG_ENABLE_MODULES = YES;
				CLANG_ENABLE_OBJC_ARC = YES;
				CLANG_WARN_BOOL_CONVERSION = YES;
				CLANG_WARN_CONSTANT_CONVERSION = YES;
				CLANG_WARN_DIRECT_OBJC_ISA_USAGE = YES_ERROR;
				CLANG_WARN_EMPTY_BODY = YES;
				CLANG_WARN_ENUM_CONVERSION = YES;
				CLANG_WARN_INT_CONVERSION = YES;
				CLANG_WARN_OBJC_ROOT_CLASS = YES_ERROR;
				CLANG_WARN_UNREACHABLE_CODE = YES;
				CLANG_WARN__DUPLICATE_METHOD_MATCH = YES;
				"CODE_SIGN_IDENTITY[sdk=iphoneos*]" = "iPhone Developer";
				COPY_PHASE_STRIP = NO;
				DEBUG_INFORMATION_FORMAT = "dwarf-with-dsym";
				ENABLE_STRICT_OBJC_MSGSEND = YES;
				GCC_C_LANGUAGE_STANDARD = gnu99;
				GCC_DYNAMIC_NO_PIC = NO;
				GCC_NO_COMMON_BLOCKS = YES;
				GCC_OPTIMIZATION_LEVEL = 0;
				GCC_PREPROCESSOR_DEFINITIONS = (
					"DEBUG=1",
					"$(inherited)",
				);
				GCC_SYMBOLS_PRIVATE_EXTERN = NO;
				GCC_WARN_64_TO_32_BIT_CONVERSION = YES;
				GCC_WARN_ABOUT_RETURN_TYPE = YES_ERROR;
				GCC_WARN_UNDECLARED_SELECTOR = YES;
				GCC_WARN_UNINITIALIZED_AUTOS = YES_AGGRESSIVE;
				GCC_WARN_UNUSED_FUNCTION = YES;
				GCC_WARN_UNUSED_VARIABLE = YES;
				IPHONEOS_DEPLOYMENT_TARGET = 7.0;
				MTL_ENABLE_DEBUG_INFO = YES;
				ONLY_ACTIVE_ARCH = YES;
				SDKROOT = iphoneos;
			};
			name = Debug;
		};
		78C921B41B18111D006A3726 /* Release */ = {
			isa = XCBuildConfiguration;
			buildSettings = {
				ALWAYS_SEARCH_USER_PATHS = NO;
				CLANG_CXX_LANGUAGE_STANDARD = "gnu++0x";
				CLANG_CXX_LIBRARY = "libc++";
				CLANG_ENABLE_MODULES = YES;
				CLANG_ENABLE_OBJC_ARC = YES;
				CLANG_WARN_BOOL_CONVERSION = YES;
				CLANG_WARN_CONSTANT_CONVERSION = YES;
				CLANG_WARN_DIRECT_OBJC_ISA_USAGE = YES_ERROR;
				CLANG_WARN_EMPTY_BODY = YES;
				CLANG_WARN_ENUM_CONVERSION = YES;
				CLANG_WARN_INT_CONVERSION = YES;
				CLANG_WARN_OBJC_ROOT_CLASS = YES_ERROR;
				CLANG_WARN_UNREACHABLE_CODE = YES;
				CLANG_WARN__DUPLICATE_METHOD_MATCH = YES;
				"CODE_SIGN_IDENTITY[sdk=iphoneos*]" = "iPhone Developer";
				COPY_PHASE_STRIP = NO;
				DEBUG_INFORMATION_FORMAT = "dwarf-with-dsym";
				ENABLE_NS_ASSERTIONS = NO;
				ENABLE_STRICT_OBJC_MSGSEND = YES;
				GCC_C_LANGUAGE_STANDARD = gnu99;
				GCC_NO_COMMON_BLOCKS = YES;
				GCC_WARN_64_TO_32_BIT_CONVERSION = YES;
				GCC_WARN_ABOUT_RETURN_TYPE = YES_ERROR;
				GCC_WARN_UNDECLARED_SELECTOR = YES;
				GCC_WARN_UNINITIALIZED_AUTOS = YES_AGGRESSIVE;
				GCC_WARN_UNUSED_FUNCTION = YES;
				GCC_WARN_UNUSED_VARIABLE = YES;
				IPHONEOS_DEPLOYMENT_TARGET = 7.0;
				MTL_ENABLE_DEBUG_INFO = NO;
				SDKROOT = iphoneos;
				VALIDATE_PRODUCT = YES;
			};
			name = Release;
		};
		78C921B61B18111D006A3726 /* Debug */ = {
			isa = XCBuildConfiguration;
			buildSettings = {
				ASSETCATALOG_COMPILER_APPICON_NAME = AppIcon;
				ASSETCATALOG_COMPILER_LAUNCHIMAGE_NAME = LaunchImage;
				INFOPLIST_FILE = ScreenAdapting/Info.plist;
				IPHONEOS_DEPLOYMENT_TARGET = 7.0;
				LD_RUNPATH_SEARCH_PATHS = "$(inherited) @executable_path/Frameworks";
				PRODUCT_NAME = "$(TARGET_NAME)";
			};
			name = Debug;
		};
		78C921B71B18111D006A3726 /* Release */ = {
			isa = XCBuildConfiguration;
			buildSettings = {
				ASSETCATALOG_COMPILER_APPICON_NAME = AppIcon;
				ASSETCATALOG_COMPILER_LAUNCHIMAGE_NAME = LaunchImage;
				INFOPLIST_FILE = ScreenAdapting/Info.plist;
				IPHONEOS_DEPLOYMENT_TARGET = 7.0;
				LD_RUNPATH_SEARCH_PATHS = "$(inherited) @executable_path/Frameworks";
				PRODUCT_NAME = "$(TARGET_NAME)";
			};
			name = Release;
		};
		78C921B91B18111D006A3726 /* Debug */ = {
			isa = XCBuildConfiguration;
			buildSettings = {
				BUNDLE_LOADER = "$(TEST_HOST)";
				FRAMEWORK_SEARCH_PATHS = (
					"$(SDKROOT)/Developer/Library/Frameworks",
					"$(inherited)",
				);
				GCC_PREPROCESSOR_DEFINITIONS = (
					"DEBUG=1",
					"$(inherited)",
				);
				INFOPLIST_FILE = ScreenAdaptingTests/Info.plist;
				LD_RUNPATH_SEARCH_PATHS = "$(inherited) @executable_path/Frameworks @loader_path/Frameworks";
				PRODUCT_NAME = "$(TARGET_NAME)";
				TEST_HOST = "$(BUILT_PRODUCTS_DIR)/ScreenAdapting.app/ScreenAdapting";
			};
			name = Debug;
		};
		78C921BA1B18111D006A3726 /* Release */ = {
			isa = XCBuildConfiguration;
			buildSettings = {
				BUNDLE_LOADER = "$(TEST_HOST)";
				FRAMEWORK_SEARCH_PATHS = (
					"$(SDKROOT)/Developer/Library/Frameworks",
					"$(inherited)",
				);
				INFOPLIST_FILE = ScreenAdaptingTests/Info.plist;
				LD_RUNPATH_SEARCH_PATHS = "$(inherited) @executable_path/Frameworks @loader_path/Frameworks";
				PRODUCT_NAME = "$(TARGET_NAME)";
				TEST_HOST = "$(BUILT_PRODUCTS_DIR)/ScreenAdapting.app/ScreenAdapting";
			};
			name = Release;
		};
/* End XCBuildConfiguration section */

/* Begin XCConfigurationList section */
		78C9218D1B18111D006A3726 /* Build configuration list for PBXProject "ScreenAdapting" */ = {
			isa = XCConfigurationList;
			buildConfigurations = (
				78C921B31B18111D006A3726 /* Debug */,
				78C921B41B18111D006A3726 /* Release */,
			);
			defaultConfigurationIsVisible = 0;
			defaultConfigurationName = Release;
		};
		78C921B51B18111D006A3726 /* Build configuration list for PBXNativeTarget "ScreenAdapting" */ = {
			isa = XCConfigurationList;
			buildConfigurations = (
				78C921B61B18111D006A3726 /* Debug */,
				78C921B71B18111D006A3726 /* Release */,
			);
			defaultConfigurationIsVisible = 0;
			defaultConfigurationName = Release;
		};
		78C921B81B18111D006A3726 /* Build configuration list for PBXNativeTarget "ScreenAdaptingTests" */ = {
			isa = XCConfigurationList;
			buildConfigurations = (
				78C921B91B18111D006A3726 /* Debug */,
				78C921BA1B18111D006A3726 /* Release */,
			);
			defaultConfigurationIsVisible = 0;
			defaultConfigurationName = Release;
		};
/* End XCConfigurationList section */
	};
	rootObject = 78C9218A1B18111D006A3726 /* Project object */;
}
